
Microsoft Visual Studio Solution File, Format Version 12.00
# Visual Studio Version 16
VisualStudioVersion = 16.0.30204.135
MinimumVisualStudioVersion = 10.0.40219.1
Project("{FAE04EC0-301F-11D3-BF4B-00C04F79EFBC}") = "AplicacionMVC", "AplicacionMVC\AplicacionMVC.csproj", "{04576899-0F52-494A-B78A-7EFE0CB857FE}"
EndProject
Project("{FAE04EC0-301F-11D3-BF4B-00C04F79EFBC}") = "MVC_Autenticacion", "MVC_Autenticacion\MVC_Autenticacion.csproj", "{C7E977C4-16BC-45BF-B20C-D715BB41F55C}"
EndProject
Global
	GlobalSection(SolutionConfigurationPlatforms) = preSolution
		Debug|Any CPU = Debug|Any CPU
		Release|Any CPU = Release|Any CPU
	EndGlobalSection
	GlobalSection(ProjectConfigurationPlatforms) = postSolution
		{04576899-0F52-494A-B78A-7EFE0CB857FE}.Debug|Any CPU.ActiveCfg = Debug|Any CPU
		{04576899-0F52-494A-B78A-7EFE0CB857FE}.Debug|Any CPU.Build.0 = Debug|Any CPU
		{04576899-0F52-494A-B78A-7EFE0CB857FE}.Release|Any CPU.ActiveCfg = Release|Any CPU
		{04576899-0F52-494A-B78A-7EFE0CB857FE}.Release|Any CPU.Build.0 = Release|Any CPU
		{C7E977C4-16BC-45BF-B20C-D715BB41F55C}.Debug|Any CPU.ActiveCfg = Debug|Any CPU
		{C7E977C4-16BC-45BF-B20C-D715BB41F55C}.Debug|Any CPU.Build.0 = Debug|Any CPU
		{C7E977C4-16BC-45BF-B20C-D715BB41F55C}.Release|Any CPU.ActiveCfg = Release|Any CPU
		{C7E977C4-16BC-45BF-B20C-D715BB41F55C}.Release|Any CPU.Build.0 = Release|Any CPU
	EndGlobalSection
	GlobalSection(SolutionProperties) = preSolution
		HideSolutionNode = FALSE
	EndGlobalSection
	GlobalSection(ExtensibilityGlobals) = postSolution
		SolutionGuid = {D9D041B3-9854-45EB-8742-04685A1E5193}
	EndGlobalSection
EndGlobal
